
Microsoft Visual Studio Solution File, Format Version 12.00
# Visual Studio 15
VisualStudioVersion = 15.0.27130.2036
MinimumVisualStudioVersion = 10.0.40219.1
Project("{FAE04EC0-301F-11D3-BF4B-00C04F79EFBC}") = "Apv.Data", "Apv.Data\Apv.Data.csproj", "{70A40598-8235-4801-9FAD-8E7F2E0F8768}"
EndProject
Project("{FAE04EC0-301F-11D3-BF4B-00C04F79EFBC}") = "Apv.Data.TestConsole", "Apv.Data.TestConsole\Apv.Data.TestConsole.csproj", "{2842813A-155D-4680-B186-AD6EC817EACF}"
EndProject
Project("{FAE04EC0-301F-11D3-BF4B-00C04F79EFBC}") = "Apv.Data.WindowsViewer", "Apv.Data.WindowsViewer\Apv.Data.WindowsViewer.csproj", "{E7AED44E-3F70-4A76-A48C-B73FA39CEA2E}"
EndProject
Project("{FAE04EC0-301F-11D3-BF4B-00C04F79EFBC}") = "Apv.MemberExcel", "Apv.MemberExcel\Apv.MemberExcel.csproj", "{906E1E6B-4679-44F1-88FE-CEB56E8CEFA4}"
EndProject
Project("{FAE04EC0-301F-11D3-BF4B-00C04F79EFBC}") = "Apv.GenerateCalendarImage", "Apv.GenerateCalendarImage\Apv.GenerateCalendarImage.csproj", "{42E0EA1A-6EFE-44AF-867B-76F416475441}"
EndProject
Project("{9A19103F-16F7-4668-BE54-9A1E7A4F7556}") = "Apv.ArchiveApi", "Apv.ArchiveApi\Apv.ArchiveApi.csproj", "{CA2AA1C6-07AE-4817-8DB0-060D5370CAFF}"
EndProject
Project("{FAE04EC0-301F-11D3-BF4B-00C04F79EFBC}") = "Apv.LoginApi", "Apv.LoginApi\Apv.LoginApi.csproj", "{74893515-3EB4-4ECC-AC88-87A5783736F0}"
EndProject
Global
	GlobalSection(SolutionConfigurationPlatforms) = preSolution
		Debug|Any CPU = Debug|Any CPU
		Release|Any CPU = Release|Any CPU
	EndGlobalSection
	GlobalSection(ProjectConfigurationPlatforms) = postSolution
		{70A40598-8235-4801-9FAD-8E7F2E0F8768}.Debug|Any CPU.ActiveCfg = Debug|Any CPU
		{70A40598-8235-4801-9FAD-8E7F2E0F8768}.Debug|Any CPU.Build.0 = Debug|Any CPU
		{70A40598-8235-4801-9FAD-8E7F2E0F8768}.Release|Any CPU.ActiveCfg = Release|Any CPU
		{70A40598-8235-4801-9FAD-8E7F2E0F8768}.Release|Any CPU.Build.0 = Release|Any CPU
		{2842813A-155D-4680-B186-AD6EC817EACF}.Debug|Any CPU.ActiveCfg = Debug|Any CPU
		{2842813A-155D-4680-B186-AD6EC817EACF}.Debug|Any CPU.Build.0 = Debug|Any CPU
		{2842813A-155D-4680-B186-AD6EC817EACF}.Release|Any CPU.ActiveCfg = Release|Any CPU
		{2842813A-155D-4680-B186-AD6EC817EACF}.Release|Any CPU.Build.0 = Release|Any CPU
		{E7AED44E-3F70-4A76-A48C-B73FA39CEA2E}.Debug|Any CPU.ActiveCfg = Debug|Any CPU
		{E7AED44E-3F70-4A76-A48C-B73FA39CEA2E}.Debug|Any CPU.Build.0 = Debug|Any CPU
		{E7AED44E-3F70-4A76-A48C-B73FA39CEA2E}.Release|Any CPU.ActiveCfg = Release|Any CPU
		{E7AED44E-3F70-4A76-A48C-B73FA39CEA2E}.Release|Any CPU.Build.0 = Release|Any CPU
		{906E1E6B-4679-44F1-88FE-CEB56E8CEFA4}.Debug|Any CPU.ActiveCfg = Debug|Any CPU
		{906E1E6B-4679-44F1-88FE-CEB56E8CEFA4}.Debug|Any CPU.Build.0 = Debug|Any CPU
		{906E1E6B-4679-44F1-88FE-CEB56E8CEFA4}.Release|Any CPU.ActiveCfg = Release|Any CPU
		{906E1E6B-4679-44F1-88FE-CEB56E8CEFA4}.Release|Any CPU.Build.0 = Release|Any CPU
		{42E0EA1A-6EFE-44AF-867B-76F416475441}.Debug|Any CPU.ActiveCfg = Debug|Any CPU
		{42E0EA1A-6EFE-44AF-867B-76F416475441}.Debug|Any CPU.Build.0 = Debug|Any CPU
		{42E0EA1A-6EFE-44AF-867B-76F416475441}.Release|Any CPU.ActiveCfg = Release|Any CPU
		{42E0EA1A-6EFE-44AF-867B-76F416475441}.Release|Any CPU.Build.0 = Release|Any CPU
		{CA2AA1C6-07AE-4817-8DB0-060D5370CAFF}.Debug|Any CPU.ActiveCfg = Debug|Any CPU
		{CA2AA1C6-07AE-4817-8DB0-060D5370CAFF}.Debug|Any CPU.Build.0 = Debug|Any CPU
		{CA2AA1C6-07AE-4817-8DB0-060D5370CAFF}.Release|Any CPU.ActiveCfg = Release|Any CPU
		{CA2AA1C6-07AE-4817-8DB0-060D5370CAFF}.Release|Any CPU.Build.0 = Release|Any CPU
		{74893515-3EB4-4ECC-AC88-87A5783736F0}.Debug|Any CPU.ActiveCfg = Debug|Any CPU
		{74893515-3EB4-4ECC-AC88-87A5783736F0}.Debug|Any CPU.Build.0 = Debug|Any CPU
		{74893515-3EB4-4ECC-AC88-87A5783736F0}.Release|Any CPU.ActiveCfg = Release|Any CPU
		{74893515-3EB4-4ECC-AC88-87A5783736F0}.Release|Any CPU.Build.0 = Release|Any CPU
	EndGlobalSection
	GlobalSection(SolutionProperties) = preSolution
		HideSolutionNode = FALSE
	EndGlobalSection
	GlobalSection(ExtensibilityGlobals) = postSolution
		SolutionGuid = {891EE245-066A-43C4-8A7A-DE9D2168E917}
	EndGlobalSection
EndGlobal
